dependencies:
- name: vocasia-service-common
  repository: file://../../common/service-common
  version: 0.1.0
- name: configserver
  repository: file://../../services/services/configserver
  version: 0.1.0
- name: db-vocasia
  repository: file://../../services/db/db-vocasia
  version: 0.1.0
- name: authentication
  repository: file://../../services/services/authentication
  version: 0.1.0
- name: course
  repository: file://../../services/services/course
  version: 0.1.0
- name: gatewayserver
  repository: file://../../services/services/gatewayserver
  version: 0.1.0
digest: sha256:0af6a6eb634fe3f519fc5b633d5a07e67a92afbe307fb431ea51e6a84bd6a3df
generated: "2024-10-25T23:31:32.3113821+07:00"
