dependencies:
- name: vocasia-service-common
  repository: file://../../common/service-common
  version: 0.1.0
- name: vocasia-mysql-common
  repository: file://../../common/mysql-common
  version: 0.1.0
- name: vocasia-mongodb-common
  repository: file://../../common/mongodb-common
  version: 0.1.0
- name: configserver
  repository: file://../../services/microservices/configserver
  version: 0.1.0
- name: db-authentication
  repository: file://../../services/db/db-authentication
  version: 0.1.0
- name: db-instructor
  repository: file://../../services/db/db-instructor
  version: 0.1.0
- name: db-course
  repository: file://../../services/db/db-course
  version: 0.1.0
- name: db-order
  repository: file://../../services/db/db-order
  version: 0.1.0
- name: db-payment
  repository: file://../../services/db/db-payment
  version: 0.1.0
- name: db-enrollment
  repository: file://../../services/db/db-enrollment
  version: 0.1.0
- name: db-finance
  repository: file://../../services/db/db-finance
  version: 0.1.0
- name: authentication
  repository: file://../../services/microservices/authentication
  version: 0.1.0
- name: course
  repository: file://../../services/microservices/course
  version: 0.1.0
- name: enrollment
  repository: file://../../services/microservices/enrollment
  version: 0.1.0
- name: finance
  repository: file://../../services/microservices/finance
  version: 0.1.0
- name: instructor
  repository: file://../../services/microservices/instructor
  version: 0.1.0
- name: order
  repository: file://../../services/microservices/order
  version: 0.1.0
- name: payment
  repository: file://../../services/microservices/payment
  version: 0.1.0
- name: catalog
  repository: file://../../services/microservices/catalog
  version: 0.1.0
- name: gatewayserver
  repository: file://../../services/microservices/gatewayserver
  version: 0.1.0
digest: sha256:56adb73224d88a6e4adf6fc5d1cb5f703e7156a70014da66bfe18a00031c6a91
generated: "2024-11-21T16:32:46.2713941+07:00"
