dependencies:
- name: vocasia-service-common
  repository: file://../../common/service-common
  version: 0.1.0
- name: vocasia-mysql-common
  repository: file://../../common/mysql-common
  version: 0.1.0
- name: vocasia-mongodb-common
  repository: file://../../common/mongodb-common
  version: 0.1.0
- name: configserver
  repository: file://../../services/microservices/configserver
  version: 0.1.0
- name: db-vocasia
  repository: file://../../services/db/db-vocasia
  version: 0.1.0
- name: db-catalog
  repository: file://../../services/db/db-catalog
  version: 0.1.0
- name: authentication
  repository: file://../../services/microservices/authentication
  version: 0.1.0
- name: instructor
  repository: file://../../services/microservices/instructor
  version: 0.1.0
- name: gatewayserver
  repository: file://../../services/microservices/gatewayserver
  version: 0.1.0
digest: sha256:8d06c4125137cb43427fae5adefeeb777a5bbb361e3d5b8a4698555f86e8bbf7
generated: "2024-11-14T06:59:45.6570087+07:00"
